github.com/AllenDang/giu v0.6.2 h1:CFIHSQxDqEFNsNnTO9LXBVZ8zlInV71H3M6V3BNagmI=
github.com/AllenDang/giu v0.6.2/go.mod h1:9hCQh0l0wbBzOqe9cr02EB9EsNOy9AwFIjG4xVsR6TI=
github.com/AllenDang/go-findfont v0.0.0-20200702051237-9f180485aeb8 h1:dKZMqib/yUDoCFigmz2agG8geZ/e3iRq304/KJXqKyw=
github.com/AllenDang/go-findfont v0.0.0-20200702051237-9f180485aeb8/go.mod h1:b4uuDd0s6KRIPa84cEEchdQ9ICh7K0OryZHbSzMca9k=
github.com/AllenDang/imgui-go v1.12.1-0.20220322114136-499bbf6a42ad h1:Kr961C2uEEAklK+jBRiZVnQH0AgS7o6pXrIgUTUUGiM=
github.com/AllenDang/imgui-go v1.12.1-0.20220322114136-499bbf6a42ad/go.mod h1:kuPs9RWleaUuK7D49bE6HPxyRA36Lp4ICKGp+5OnnbY=
github.com/TheTitanrain/w32 v0.0.0-20180517000239-4f5cfb03fabf h1:FPsprx82rdrX2jiKyS17BH6IrTmUBYqZa/CXT4uvb+I=
github.com/TheTitanrain/w32 v0.0.0-20180517000239-4f5cfb03fabf/go.mod h1:peYoMncQljjNS6tZwI9WVyQB3qZS6u79/N3mBOcnd3I=
github.com/aymanbagabas/go-osc52 v1.0.3 h1:DTwqENW7X9arYimJrPeGZcV0ln14sGMt3pHZspWD+Mg=
github.com/aymanbagabas/go-osc52 v1.0.3/go.mod h1:zT8H+Rk4VSabYN90pWyugflM3ZhpTZNC7cASDfUCdT4=
github.com/cenkalti/backoff/v4 v4.1.0 h1:c8LkOFQTzuO0WBM/ae5HdGQuZPfPxp7lqBRwQRm4fSc=
github.com/cenkalti/backoff/v4 v4.1.0/go.mod h1:scbssz8iZGpm3xbr14ovlUdkxfGXNInqkPWOWmG2CLw=
github.com/cenkalti/backoff/v4 v4.2.0 h1:HN5dHm3WBOgndBH6E8V0q2jIYIR3s9yglV8k/+MN3u4=
github.com/cenkalti/backoff/v4 v4.2.0/go.mod h1:Y3VNntkOUPxTVeUxJ/G5vcM//AlwfmyYozVcomhLiZE=
github.com/cenkalti/backoff/v4 v4.2.1 h1:y4OZtCnogmCPw98Zjyt5a6+QwPLGkiQsYW5oUqylYbM=
github.com/cenkalti/backoff/v4 v4.2.1/go.mod h1:Y3VNntkOUPxTVeUxJ/G5vcM//AlwfmyYozVcomhLiZE=
github.com/cenkalti/backoff/v4 v4.3.0 h1:MyRJ/UdXutAwSAT+s3wNd7MfTIcy71VQueUuFK343L8=
github.com/cenkalti/backoff/v4 v4.3.0/go.mod h1:Y3VNntkOUPxTVeUxJ/G5vcM//AlwfmyYozVcomhLiZE=
github.com/charmbracelet/lipgloss v0.6.0 h1:1StyZB9vBSOyuZxQUcUwGr17JmojPNm87inij9N3wJY=
github.com/charmbracelet/lipgloss v0.6.0/go.mod h1:tHh2wr34xcHjC2HCXIlGSG1jaDF0S0atAUvBMP6Ppuk=
github.com/chzyer/logex v1.1.10/go.mod h1:+Ywpsq7O8HXn0nuIou7OrIPyXbp3wmkHB+jjWRnGsAI=
github.com/chzyer/logex v1.2.1/go.mod h1:JLbx6lG2kDbNRFnfkgvh4eRJRPX1QCoOIWomwysCBrQ=
github.com/chzyer/readline v0.0.0-20180603132655-2972be24d48e/go.mod h1:nSuG5e5PlCu98SY8svDHJxuZscDgtXS6KTTbou5AhLI=
github.com/chzyer/readline v1.5.1 h1:upd/6fQk4src78LMRzh5vItIt361/o4uq553V8B5sGI=
github.com/chzyer/readline v1.5.1/go.mod h1:Eh+b79XXUwfKfcPLepksvw2tcLE/Ct21YObkaSkeBlk=
github.com/chzyer/test v0.0.0-20180213035817-a1ea475d72b1/go.mod h1:Q3SI9o4m/ZMnBNeIyt5eFwwo7qiLfzFZmjNmxjkiQlU=
github.com/chzyer/test v1.0.0/go.mod h1:2JlltgoNkt4TW/z9V/IzDdFaMTM2JPIi26O1pF38GC8=
github.com/davecgh/go-spew v1.1.0/go.mod h1:J7Y8YcW2NihsgmVo/mv3lAwl/skON4iLHjSsI+c5H38=
github.com/davecgh/go-spew v1.1.1/go.mod h1:J7Y8YcW2NihsgmVo/mv3lAwl/skON4iLHjSsI+c5H38=
github.com/f1gopher/f1gopherlib v0.9.0 h1:gOdjUbQFJkUEzzDkDe1gR2Kf5uMzUJrHDEVDGY667Z0=
github.com/f1gopher/f1gopherlib v0.9.0/go.mod h1:TVPPbzyyaNFnf6eAblIKzbaVG7c0EY9U6ARR73xD0m4=
github.com/f1gopher/f1gopherlib v0.9.1-0.20221214163543-4eae629fa625 h1:WcRL5Sxo1VclqdDwtOER0UsnTVZiY5KPMyjIEzy4n8w=
github.com/f1gopher/f1gopherlib v0.9.1-0.20221214163543-4eae629fa625/go.mod h1:TVPPbzyyaNFnf6eAblIKzbaVG7c0EY9U6ARR73xD0m4=
github.com/f1gopher/f1gopherlib v0.9.1-0.20221218114223-c3215d38a00a h1:bsblwpZOurWeEk5ZZs37ztPJUKFHWEHGG+YqkhqpkYI=
github.com/f1gopher/f1gopherlib v0.9.1-0.20221218114223-c3215d38a00a/go.mod h1:TVPPbzyyaNFnf6eAblIKzbaVG7c0EY9U6ARR73xD0m4=
github.com/f1gopher/f1gopherlib v0.9.1-0.20221218144610-d2932faa0a5a h1:M0quijdFt1rtkFBeG3cnrCWPG7Dtf1vh13n802ikAuQ=
github.com/f1gopher/f1gopherlib v0.9.1-0.20221218144610-d2932faa0a5a/go.mod h1:TVPPbzyyaNFnf6eAblIKzbaVG7c0EY9U6ARR73xD0m4=
github.com/f1gopher/f1gopherlib v0.9.1-0.20221218144836-506048c6b17b h1:FwaSrxrfnXzquKcG9vdscJIK+sCwcTlw9YH6EXYb2Rc=
github.com/f1gopher/f1gopherlib v0.9.1-0.20221218144836-506048c6b17b/go.mod h1:TVPPbzyyaNFnf6eAblIKzbaVG7c0EY9U6ARR73xD0m4=
github.com/f1gopher/f1gopherlib v0.9.1-0.20221218165721-0c056338cb0c h1:ZsvFGghVOUOifyYt4IRGgXGYxNcgHnbagtCGrOHv6MQ=
github.com/f1gopher/f1gopherlib v0.9.1-0.20221218165721-0c056338cb0c/go.mod h1:TVPPbzyyaNFnf6eAblIKzbaVG7c0EY9U6ARR73xD0m4=
github.com/f1gopher/f1gopherlib v0.9.1-0.20230110204925-e196041300b9 h1:pA4oZSehj240zxRJUPsk25TZV6U/VvGmKdHiyxpjBnM=
github.com/f1gopher/f1gopherlib v0.9.1-0.20230110204925-e196041300b9/go.mod h1:TVPPbzyyaNFnf6eAblIKzbaVG7c0EY9U6ARR73xD0m4=
github.com/f1gopher/f1gopherlib v0.9.1-0.20230115113227-969501675569 h1:uG/EsxtaexCWdPav+qneKocAM8y+apYjQQwriDBtUB0=
github.com/f1gopher/f1gopherlib v0.9.1-0.20230115113227-969501675569/go.mod h1:TVPPbzyyaNFnf6eAblIKzbaVG7c0EY9U6ARR73xD0m4=
github.com/f1gopher/f1gopherlib v0.9.1-0.20230211135716-f44b901a947a h1:Fo019EpNkqZlrWbkePSNF1Ic0qetnRgIKRcM7OcJZ7U=
github.com/f1gopher/f1gopherlib v0.9.1-0.20230211135716-f44b901a947a/go.mod h1:TVPPbzyyaNFnf6eAblIKzbaVG7c0EY9U6ARR73xD0m4=
github.com/f1gopher/f1gopherlib v0.9.1-0.20230212100839-b4cf25addd3c h1:XB5X9QOnoRW8j6JETnQLmSazuVPoG23XTV2AWT03Dak=
github.com/f1gopher/f1gopherlib v0.9.1-0.20230212100839-b4cf25addd3c/go.mod h1:U1D/cLtBgWE33Z0eJd3QPw6dOsjw8RAW8z9tKYCv2c4=
github.com/f1gopher/f1gopherlib v0.9.1-0.20230212125353-ddaea64f27ce h1:tXVlLq9hSL5jZK6sZL+YexSE0yCwLF5Q2Cv/nQku96M=
github.com/f1gopher/f1gopherlib v0.9.1-0.20230212125353-ddaea64f27ce/go.mod h1:U1D/cLtBgWE33Z0eJd3QPw6dOsjw8RAW8z9tKYCv2c4=
github.com/f1gopher/f1gopherlib v0.9.1-0.20230219145941-80ffac4344eb h1:A7mPJDiRnM/xfajaMNagGZHIKhspLyMmT6EbWua9/Yk=
github.com/f1gopher/f1gopherlib v0.9.1-0.20230219145941-80ffac4344eb/go.mod h1:U1D/cLtBgWE33Z0eJd3QPw6dOsjw8RAW8z9tKYCv2c4=
github.com/f1gopher/f1gopherlib v0.9.1-0.20230222212043-75e461aef6d0 h1:HBfQliFvTMhvBqGzB6HHjCgKYhgHDouBF2KMk/InDT8=
github.com/f1gopher/f1gopherlib v0.9.1-0.20230222212043-75e461aef6d0/go.mod h1:U1D/cLtBgWE33Z0eJd3QPw6dOsjw8RAW8z9tKYCv2c4=
github.com/f1gopher/f1gopherlib v0.9.1-0.20230223072655-2afb66bb1e23 h1:yrWEwESjAXdhEtLKoAT10++OqtyXSy/v8w7KEb4WT4w=
github.com/f1gopher/f1gopherlib v0.9.1-0.20230223072655-2afb66bb1e23/go.mod h1:U1D/cLtBgWE33Z0eJd3QPw6dOsjw8RAW8z9tKYCv2c4=
github.com/f1gopher/f1gopherlib v0.9.1-0.20230223074613-3e4ce618b71b h1:yR5IEDh1xNQiN2CwxEbxpU2caWQMSh/4hXt7ocN1MZw=
github.com/f1gopher/f1gopherlib v0.9.1-0.20230223074613-3e4ce618b71b/go.mod h1:U1D/cLtBgWE33Z0eJd3QPw6dOsjw8RAW8z9tKYCv2c4=
github.com/f1gopher/f1gopherlib v0.9.1-0.20230223131358-752be3e0db6b h1:+S/I+jR30pvEW4Va0YM3eHLNtRZ9xc2qD7Wn59g2QCQ=
github.com/f1gopher/f1gopherlib v0.9.1-0.20230223131358-752be3e0db6b/go.mod h1:U1D/cLtBgWE33Z0eJd3QPw6dOsjw8RAW8z9tKYCv2c4=
github.com/f1gopher/f1gopherlib v0.9.1-0.20230223134714-4f8546ffdff0 h1:g21elWiAXvaHxywAF+OFWyWEKFtHEuSX559A6DcJF1g=
github.com/f1gopher/f1gopherlib v0.9.1-0.20230223134714-4f8546ffdff0/go.mod h1:U1D/cLtBgWE33Z0eJd3QPw6dOsjw8RAW8z9tKYCv2c4=
github.com/f1gopher/f1gopherlib v0.9.1-0.20230427191909-12a0dc26ec31 h1:cRDw0ZcUEUbF7CV5guFpEvpOdKKs31yWuuisZV3i2g0=
github.com/f1gopher/f1gopherlib v0.9.1-0.20230427191909-12a0dc26ec31/go.mod h1:U1D/cLtBgWE33Z0eJd3QPw6dOsjw8RAW8z9tKYCv2c4=
github.com/f1gopher/f1gopherlib v0.9.1-0.20230429092243-8c64afa2854f h1:gpgtzpaBBhrQkwhs17BVZ3bY3NL3eAcc+wsqm/+Pav0=
github.com/f1gopher/f1gopherlib v0.9.1-0.20230429092243-8c64afa2854f/go.mod h1:U1D/cLtBgWE33Z0eJd3QPw6dOsjw8RAW8z9tKYCv2c4=
github.com/f1gopher/f1gopherlib v0.9.1-0.20230429151658-6483226cff24 h1:AVVBeCk3A01heL7A+aSJlXje657ckd00YOA2F8qGcvU=
github.com/f1gopher/f1gopherlib v0.9.1-0.20230429151658-6483226cff24/go.mod h1:U1D/cLtBgWE33Z0eJd3QPw6dOsjw8RAW8z9tKYCv2c4=
github.com/f1gopher/f1gopherlib v0.9.1-0.20230430161701-e3af9d28425b h1:uYdLLpKrxkLxz5xu4i5jMDprCU4XkvjYO7sOdmOGYVI=
github.com/f1gopher/f1gopherlib v0.9.1-0.20230430161701-e3af9d28425b/go.mod h1:U1D/cLtBgWE33Z0eJd3QPw6dOsjw8RAW8z9tKYCv2c4=
github.com/f1gopher/f1gopherlib v0.9.1-0.20230616161347-8511f047f35e h1:JjshT4ePnkp9tOaxgBAIjuiqNMje2DYwehyh6yzCshA=
github.com/f1gopher/f1gopherlib v0.9.1-0.20230616161347-8511f047f35e/go.mod h1:U1D/cLtBgWE33Z0eJd3QPw6dOsjw8RAW8z9tKYCv2c4=
github.com/f1gopher/f1gopherlib v0.9.1-0.20230617082725-b27847608004 h1:sbisFUj3FB+Zr2LWlNriRHBrjKT5+8z2Sz9DId5Tb8E=
github.com/f1gopher/f1gopherlib v0.9.1-0.20230617082725-b27847608004/go.mod h1:U1D/cLtBgWE33Z0eJd3QPw6dOsjw8RAW8z9tKYCv2c4=
github.com/f1gopher/f1gopherlib v0.9.1-0.20230619155443-df0ddd12fe3f h1:ZSy2TXzeTkQ/EwgGiGu4eIBWZ2Oq7J61i6g1RIBroPo=
github.com/f1gopher/f1gopherlib v0.9.1-0.20230619155443-df0ddd12fe3f/go.mod h1:U1D/cLtBgWE33Z0eJd3QPw6dOsjw8RAW8z9tKYCv2c4=
github.com/f1gopher/f1gopherlib v0.9.1-0.20230917151939-dcb57e4096be h1:EmPiSTSaQnAfRe8uJQgVXQdyPZM0bRurTCGLHLwkJQk=
github.com/f1gopher/f1gopherlib v0.9.1-0.20230917151939-dcb57e4096be/go.mod h1:U1D/cLtBgWE33Z0eJd3QPw6dOsjw8RAW8z9tKYCv2c4=
github.com/f1gopher/f1gopherlib v0.9.1-0.20231008125438-ef69f53e3d07 h1:AOg7PS9N7ISATOHW+JrDyZkpJiuhauWA/RWNIqNv72A=
github.com/f1gopher/f1gopherlib v0.9.1-0.20231008125438-ef69f53e3d07/go.mod h1:U1D/cLtBgWE33Z0eJd3QPw6dOsjw8RAW8z9tKYCv2c4=
github.com/f1gopher/f1gopherlib v0.9.1-0.20231008160731-64035f597dd9 h1:zG8uw/pyfoTQEVHV5+fi4tm78qbl3lh2h1nExbu/67o=
github.com/f1gopher/f1gopherlib v0.9.1-0.20231008160731-64035f597dd9/go.mod h1:U1D/cLtBgWE33Z0eJd3QPw6dOsjw8RAW8z9tKYCv2c4=
github.com/f1gopher/f1gopherlib v0.9.1-0.20231008161148-fcd5da7bc3ed h1:5DLnPPabOwhQR831UV63q9gjS8CG63Bnk3DEBfICuSE=
github.com/f1gopher/f1gopherlib v0.9.1-0.20231008161148-fcd5da7bc3ed/go.mod h1:U1D/cLtBgWE33Z0eJd3QPw6dOsjw8RAW8z9tKYCv2c4=
github.com/f1gopher/f1gopherlib v0.9.1-0.20231103180152-6e6c5064f534 h1:xVOR4IQNI2j2Pp0fE/FwsLP2Bk1IZdK7Mq5HExGcN8s=
github.com/f1gopher/f1gopherlib v0.9.1-0.20231103180152-6e6c5064f534/go.mod h1:U1D/cLtBgWE33Z0eJd3QPw6dOsjw8RAW8z9tKYCv2c4=
github.com/f1gopher/f1gopherlib v0.9.1-0.20240210154143-4b91e49b13ef h1:oZ6LicXbjbbmo8YMUJd/JEwr9S9OhCOcXhLI8r2lbIc=
github.com/f1gopher/f1gopherlib v0.9.1-0.20240210154143-4b91e49b13ef/go.mod h1:U1D/cLtBgWE33Z0eJd3QPw6dOsjw8RAW8z9tKYCv2c4=
github.com/f1gopher/f1gopherlib v0.9.1-0.20240221103349-46ee8a99748c h1:XaK0cMi8cgk9epIBr7GZJToGFCqkrzDaztfjgTbnQ3k=
github.com/f1gopher/f1gopherlib v0.9.1-0.20240221103349-46ee8a99748c/go.mod h1:BzpUE/RgTRpsWuAqNNxKV8rux/viqHhDrve2nU3fw4c=
github.com/f1gopher/f1gopherlib v1.0.1-0.20240413114410-c7bca7a14c91 h1:Wa91UOA3I28lBgd09ZZXJLdyjhDAvFtJGg/ycA7D/vw=
github.com/f1gopher/f1gopherlib v1.0.1-0.20240413114410-c7bca7a14c91/go.mod h1:BzpUE/RgTRpsWuAqNNxKV8rux/viqHhDrve2nU3fw4c=
github.com/f1gopher/f1gopherlib v1.0.1-0.20240519151416-7e33d5fad1b6 h1:lxZKqigFjgF+qAqO7RWJeAHNsU186x7TJNaGsxs442U=
github.com/f1gopher/f1gopherlib v1.0.1-0.20240519151416-7e33d5fad1b6/go.mod h1:BzpUE/RgTRpsWuAqNNxKV8rux/viqHhDrve2nU3fw4c=
github.com/f1gopher/f1gopherlib v1.0.1-0.20240724200105-391ca7d7bc2b h1:xbFJXTObG9yGAZo5Dz8LeZjBIbclreCUEqF89vik8bM=
github.com/f1gopher/f1gopherlib v1.0.1-0.20240724200105-391ca7d7bc2b/go.mod h1:aZyRN1jS3XIrEhnCLPTxcHAIFIGvD94E7Yp+G/3uhI8=
github.com/f1gopher/f1gopherlib v1.0.1-0.20240921101618-21c401dc8760 h1:fZW9yevj390iufgNfCvVBRDkANC9K3BS2DQWJEh69Fk=
github.com/f1gopher/f1gopherlib v1.0.1-0.20240921101618-21c401dc8760/go.mod h1:ExIqchrQjasxB148FZ92Gk6JYY4HLMSSBU3JBQ1HZPo=
github.com/f1gopher/f1gopherlib v1.0.1-0.20241027183356-9d0300f7f990 h1:+ogPI3B+R8VMHWoWqsVXzP91352DSz08QAE1xVU2kiQ=
github.com/f1gopher/f1gopherlib v1.0.1-0.20241027183356-9d0300f7f990/go.mod h1:ExIqchrQjasxB148FZ92Gk6JYY4HLMSSBU3JBQ1HZPo=
github.com/f1gopher/f1gopherlib v1.0.1-0.20241103092119-2799ce283c04 h1:zkku10T73MwSbwol8EYtTXZZDRYqMFCA7oiWR3sAGTA=
github.com/f1gopher/f1gopherlib v1.0.1-0.20241103092119-2799ce283c04/go.mod h1:ExIqchrQjasxB148FZ92Gk6JYY4HLMSSBU3JBQ1HZPo=
github.com/f1gopher/f1gopherlib v1.0.1-0.20241103145125-cb73b084d877 h1:m74wTRmxZx/cuEKILK5Z9Y7D1tX1z+1jHlxhoTfAk94=
github.com/f1gopher/f1gopherlib v1.0.1-0.20241103145125-cb73b084d877/go.mod h1:ExIqchrQjasxB148FZ92Gk6JYY4HLMSSBU3JBQ1HZPo=
github.com/f1gopher/f1gopherlib v1.0.1-0.20241201152545-9866c1ba9f87 h1:RPslGIUCtW64TvUH06xLOuBBxG3H1r0Lf1OtQQSwxJo=
github.com/f1gopher/f1gopherlib v1.0.1-0.20241201152545-9866c1ba9f87/go.mod h1:ExIqchrQjasxB148FZ92Gk6JYY4HLMSSBU3JBQ1HZPo=
github.com/f1gopher/f1gopherlib v1.0.1-0.20250204213939-97fae3f70445 h1:wCio/fEcax4EVrexzEi8A6BplpITpei7PUx/830tb48=
github.com/f1gopher/f1gopherlib v1.0.1-0.20250204213939-97fae3f70445/go.mod h1:ExIqchrQjasxB148FZ92Gk6JYY4HLMSSBU3JBQ1HZPo=
github.com/f1gopher/signalr/v2 v2.0.0-20221210121059-1985aaf5fb97 h1:ake47TNb+vBn+r4dlB23hh6J/Hi0AZraq28ZaQrKBoQ=
github.com/f1gopher/signalr/v2 v2.0.0-20221210121059-1985aaf5fb97/go.mod h1:I+Wlu0JSNF8jkGxWKW6X6B1hlLM/fMcJq23drxf3MkE=
github.com/faiface/mainthread v0.0.0-20171120011319-8b78f0a41ae3 h1:baVdMKlASEHrj19iqjARrPbaRisD7EuZEVJj6ZMLl1Q=
github.com/faiface/mainthread v0.0.0-20171120011319-8b78f0a41ae3/go.mod h1:VEPNJUlxl5KdWjDvz6Q1l+rJlxF2i6xqDeGuGAxa87M=
github.com/felixge/fgprof v0.9.3 h1:VvyZxILNuCiUCSXtPtYmmtGvb65nqXh2QFWc0Wpf2/g=
github.com/felixge/fgprof v0.9.3/go.mod h1:RdbpDgzqYVh/T9fPELJyV7EYJuHB55UTEULNun8eiPw=
github.com/fogleman/gg v1.3.0 h1:/7zJX8F6AaYQc57WQCyN9cAIz+4bCJGO9B+dyW29am8=
github.com/fogleman/gg v1.3.0/go.mod h1:R/bRT+9gY/C5z7JzPU0zXsXHKM4/ayA+zqcVNZzPa1k=
github.com/go-gl/gl v0.0.0-20211210172815-726fda9656d6 h1:zDw5v7qm4yH7N8C8uWd+8Ii9rROdgWxQuGoJ9WDXxfk=
github.com/go-gl/gl v0.0.0-20211210172815-726fda9656d6/go.mod h1:9YTyiznxEY1fVinfM7RvRcjRHbw2xLBJ3AAGIT0I4Nw=
github.com/go-gl/glfw/v3.3/glfw v0.0.0-20211213063430-748e38ca8aec/go.mod h1:tQ2UAYgL5IevRw8kRxooKSPJfGvJ9fJQFa0TUsXzTg8=
github.com/go-gl/glfw/v3.3/glfw v0.0.0-20220320163800-277f93cfa958 h1:TL70PMkdPCt9cRhKTqsm+giRpgrd0IGEj763nNr2VFY=
github.com/go-gl/glfw/v3.3/glfw v0.0.0-20220320163800-277f93cfa958/go.mod h1:tQ2UAYgL5IevRw8kRxooKSPJfGvJ9fJQFa0TUsXzTg8=
github.com/golang/freetype v0.0.0-20170609003504-e2365dfdc4a0 h1:DACJavvAHhabrF08vX0COfcOBJRhZ8lUbR+ZWIs0Y5g=
github.com/golang/freetype v0.0.0-20170609003504-e2365dfdc4a0/go.mod h1:E/TSTwGwJL78qG/PmXZO1EjYhfJinVAhrmmHX6Z8B9k=
github.com/google/pprof v0.0.0-20211214055906-6f57359322fd h1:1FjCyPC+syAzJ5/2S8fqdZK1R22vvA0J7JZKcuOIQ7Y=
github.com/google/pprof v0.0.0-20211214055906-6f57359322fd/go.mod h1:KgnwoLYCZ8IQu3XUZ8Nc/bM9CCZFOyjUNOSygVozoDg=
github.com/google/pprof v0.0.0-20230111200839-76d1ae5aea2b h1:8htHrh2bw9c7Idkb7YNac+ZpTqLMjRpI+FWu51ltaQc=
github.com/google/pprof v0.0.0-20230111200839-76d1ae5aea2b/go.mod h1:dDKJzRmX4S37WGHujM7tX//fmj1uioxKzKxz3lo4HJo=
github.com/gorilla/mux v1.8.0 h1:i40aqfkR1h2SlN9hojwV5ZA91wcXFOvkdNIeFDP5koI=
github.com/gorilla/mux v1.8.0/go.mod h1:DVbg23sWSpFRCP0SfiEN6jmj59UnW/n46BH5rLB71So=
github.com/gorilla/websocket v1.4.2 h1:+/TMaTYc4QFitKJxsQ7Yye35DkWvkdLcvGKqM+x0Ufc=
github.com/gorilla/websocket v1.4.2/go.mod h1:YR8l580nyteQvAITg2hZ9XVh4b55+EU/adAjf1fMHhE=
github.com/gorilla/websocket v1.5.0 h1:PPwGk2jz7EePpoHN/+ClbZu8SPxiqlu12wZP/3sWmnc=
github.com/gorilla/websocket v1.5.0/go.mod h1:YR8l580nyteQvAITg2hZ9XVh4b55+EU/adAjf1fMHhE=
github.com/gorilla/websocket v1.5.1 h1:gmztn0JnHVt9JZquRuzLw3g4wouNVzKL15iLr/zn/QY=
github.com/gorilla/websocket v1.5.1/go.mod h1:x3kM2JMyaluk02fnUJpQuwD2dCS5NDG2ZHL0uE0tcaY=
github.com/gorilla/websocket v1.5.3 h1:saDtZ6Pbx/0u+bgYQ3q96pZgCzfhKXGPqt7kZ72aNNg=
github.com/gorilla/websocket v1.5.3/go.mod h1:YR8l580nyteQvAITg2hZ9XVh4b55+EU/adAjf1fMHhE=
github.com/hajimehoshi/go-mp3 v0.3.4 h1:NUP7pBYH8OguP4diaTZ9wJbUbk3tC0KlfzsEpWmYj68=
github.com/hajimehoshi/go-mp3 v0.3.4/go.mod h1:fRtZraRFcWb0pu7ok0LqyFhCUrPeMsGRSVop0eemFmo=
github.com/hajimehoshi/oto/v2 v2.3.1 h1:qrLKpNus2UfD674oxckKjNJmesp9hMh7u7QCrStB3Rc=
github.com/hajimehoshi/oto/v2 v2.3.1/go.mod h1:seWLbgHH7AyUMYKfKYT9pg7PhUu9/SisyJvNTT+ASQo=
github.com/ianlancetaylor/demangle v0.0.0-20210905161508-09a460cdf81d/go.mod h1:aYm2/VgdVmcIU8iMfdMvDMsRAQjcfZSKFby6HOFvi/w=
github.com/ianlancetaylor/demangle v0.0.0-20220517205856-0058ec4f073c h1:rwmN+hgiyp8QyBqzdEX43lTjKAxaqCrYHaU5op5P9J8=
github.com/ianlancetaylor/demangle v0.0.0-20220517205856-0058ec4f073c/go.mod h1:aYm2/VgdVmcIU8iMfdMvDMsRAQjcfZSKFby6HOFvi/w=
github.com/lucasb-eyer/go-colorful v1.2.0 h1:1nnpGOrhyZZuNyfu1QjKiUICQ74+3FNCN69Aj6K7nkY=
github.com/lucasb-eyer/go-colorful v1.2.0/go.mod h1:R4dSotOR9KMtayYi1e77YzuveK+i7ruzyGqttikkLy0=
github.com/mattn/go-isatty v0.0.14 h1:yVuAays6BHfxijgZPzw+3Zlu5yQgKGP2/hcQbHb7S9Y=
github.com/mattn/go-isatty v0.0.14/go.mod h1:7GGIvUiUoEMVVmxf/4nioHXj79iQHKdU27kJ6hsGG94=
github.com/mattn/go-isatty v0.0.16 h1:bq3VjFmv/sOjHtdEhmkEV4x1AJtvUvOJ2PFAZ5+peKQ=
github.com/mattn/go-isatty v0.0.16/go.mod h1:kYGgaQfpe5nmfYZH+SKPsOc2e4SrIfOl2e/yFXSvRLM=
github.com/mattn/go-runewidth v0.0.10/go.mod h1:RAqKPSqVFrSLVXbA8x7dzmKdmGzieGRCM46jaSJTDAk=
github.com/mattn/go-runewidth v0.0.13 h1:lTGmDsbAYt5DmK6OnoV7EuIF1wEIFAcxld6ypU4OSgU=
github.com/mattn/go-runewidth v0.0.13/go.mod h1:Jdepj2loyihRzMpdS35Xk/zdY8IAYHsh153qUoGf23w=
github.com/mattn/go-runewidth v0.0.14 h1:+xnbZSEeDbOIg5/mE6JF0w6n9duR1l3/WmbinWVwUuU=
github.com/mattn/go-runewidth v0.0.14/go.mod h1:Jdepj2loyihRzMpdS35Xk/zdY8IAYHsh153qUoGf23w=
github.com/muesli/reflow v0.2.1-0.20210115123740-9e1d0d53df68 h1:y1p/ycavWjGT9FnmSjdbWUlLGvcxrY0Rw3ATltrxOhk=
github.com/muesli/reflow v0.2.1-0.20210115123740-9e1d0d53df68/go.mod h1:Xk+z4oIWdQqJzsxyjgl3P22oYZnHdZ8FFTHAQQt5BMQ=
github.com/muesli/termenv v0.11.1-0.20220204035834-5ac8409525e0 h1:STjmj0uFfRryL9fzRA/OupNppeAID6QJYPMavTL7jtY=
github.com/muesli/termenv v0.11.1-0.20220204035834-5ac8409525e0/go.mod h1:Bd5NYQ7pd+SrtBSrSNoBBmXlcY8+Xj4BMJgh8qcZrvs=
github.com/muesli/termenv v0.13.0 h1:wK20DRpJdDX8b7Ek2QfhvqhRQFZ237RGRO0RQ/Iqdy0=
github.com/muesli/termenv v0.13.0/go.mod h1:sP1+uffeLaEYpyOTb8pLCUctGcGLnoFjSn4YJK5e2bc=
github.com/pkg/browser v0.0.0-20210911075715-681adbf594b8 h1:KoWmjvw+nsYOo29YJK9vDA65RGE3NrOnUtO7a+RF9HU=
github.com/pkg/browser v0.0.0-20210911075715-681adbf594b8/go.mod h1:HKlIX3XHQyzLZPlr7++PzdhaXEj94dEiJgZDTsxEqUI=
github.com/pkg/profile v1.7.0 h1:hnbDkaNWPCLMO9wGLdBFTIZvzDrDfBM2072E1S9gJkA=
github.com/pkg/profile v1.7.0/go.mod h1:8Uer0jas47ZQMJ7VD+OHknK4YDY07LPUC6dEvqDjvNo=
github.com/pmezard/go-difflib v1.0.0/go.mod h1:iKH77koFhYxTK1pcRnkKkqfTogsbg7gZNVY4sRDYZ/4=
github.com/rivo/uniseg v0.1.0/go.mod h1:J6wj4VEh+S6ZtnVlnTBMWIodfgj8LQOQFoIToxlJtxc=
github.com/rivo/uniseg v0.2.0 h1:S1pD9weZBuJdFmowNwbpi7BJ8TNftyUImj/0WQi72jY=
github.com/rivo/uniseg v0.2.0/go.mod h1:J6wj4VEh+S6ZtnVlnTBMWIodfgj8LQOQFoIToxlJtxc=
github.com/sahilm/fuzzy v0.1.0 h1:FzWGaw2Opqyu+794ZQ9SYifWv2EIXpwP4q8dY1kDAwI=
github.com/sahilm/fuzzy v0.1.0/go.mod h1:VFvziUEIMCrT6A6tw2RFIXPXXmzXbOsSHF0DOI8ZK9Y=
github.com/sqweek/dialog v0.0.0-20220809060634-e981b270ebbf h1:pCxn3BCfu8n8VUhYl4zS1BftoZoYY0J4qVF3dqAQ4aU=
github.com/sqweek/dialog v0.0.0-20220809060634-e981b270ebbf/go.mod h1:/qNPSY91qTz/8TgHEMioAUc6q7+3SOybeKczHMXFcXw=
github.com/stretchr/objx v0.1.0/go.mod h1:HFkY916IF+rwdDfMAkV7OtwuqBVzrE8GR6GFx+wExME=
github.com/stretchr/objx v0.4.0/go.mod h1:YvHI0jy2hoMjB+UWwv71VJQ9isScKT/TqJzVSSt89Yw=
github.com/stretchr/testify v1.7.0/go.mod h1:6Fq8oRcR53rry900zMqJjRRixrwX3KX962/h/Wwjteg=
github.com/stretchr/testify v1.7.1/go.mod h1:6Fq8oRcR53rry900zMqJjRRixrwX3KX962/h/Wwjteg=
github.com/stretchr/testify v1.8.0/go.mod h1:yNjHg4UonilssWZ8iaSj1OCr/vHnekPRkoO+kdMU+MU=
github.com/ungerik/go-cairo v0.0.0-20220815093914-e24bd4259cef h1:zpOobzu7pmkVFs/XNuhJvxHCdQrGWxybcfVDabi//B4=
github.com/ungerik/go-cairo v0.0.0-20220815093914-e24bd4259cef/go.mod h1:yLTJg56omDJ+JVxZ5whpCrZgQdaSs+OBdFa+X6ViJcI=
go.uber.org/atomic v1.10.0 h1:9qC72Qh0+3MqyJbAn8YU5xVq1frD8bn3JtD2oXtafVQ=
go.uber.org/atomic v1.10.0/go.mod h1:LUxbIzbOniOlMKjJjyPfpl4v+PKK2cNJn91OQbhoJI0=
go.uber.org/multierr v1.9.0 h1:7fIwc/ZtS0q++VgcfqFDxSBZVv/Xo49/SYnDFupUwlI=
go.uber.org/multierr v1.9.0/go.mod h1:X2jQV1h+kxSjClGpnseKVIxpmcjrj7MNnI0bnlfKTVQ=
go.uber.org/zap v1.24.0 h1:FiJd5l1UOLj0wCgbSE0rwwXHzEdAZS6hiiSnxJN/D60=
go.uber.org/zap v1.24.0/go.mod h1:2kMP+WWQ8aoFoedH3T2sq6iJ2yDWpHbP0f6MQbS9Gkg=
golang.org/x/image v0.0.0-20220302094943-723b81ca9867 h1:TcHcE0vrmgzNH1v3ppjcMGbhG5+9fMuvOmUYwNEF4q4=
golang.org/x/image v0.0.0-20220302094943-723b81ca9867/go.mod h1:023OzeP/+EPmXeapQh35lcL3II3LrY8Ic+EFFKVhULM=
golang.org/x/net v0.21.0 h1:AQyQV4dYCvJ7vGmJyKki9+PBdyvhkSd8EIx/qb0AYv4=
golang.org/x/net v0.21.0/go.mod h1:bIjVDfnllIU7BJ2DNgfnXvpSvtn8VRwhlsaeUTyUS44=
golang.org/x/net v0.22.0 h1:9sGLhx7iRIHEiX0oAJ3MRZMUCElJgy7Br1nO+AMN3Tc=
golang.org/x/net v0.22.0/go.mod h1:JKghWKKOSdJwpW2GEx0Ja7fmaKnMsbu+MWVZTokSYmg=
golang.org/x/net v0.27.0/go.mod h1:dDi0PyhWNoiUOrAS8uXv/vnScO4wnHQO4mj9fn/RytE=
golang.org/x/sync v0.0.0-20201020160332-67f06af15bc9 h1:SQFwaSi55rU7vdNs9Yr0Z324VNlrF+0wMqRXT4St8ck=
golang.org/x/sync v0.0.0-20201020160332-67f06af15bc9/go.mod h1:RxMgew5VJxzue5/jJTE5uejpjVlOe/izrB70Jof72aM=
golang.org/x/sync v0.1.0 h1:wsuoTGHzEhffawBOhz5CYhcrV4IdKZbEyZjBMuTp12o=
golang.org/x/sync v0.1.0/go.mod h1:RxMgew5VJxzue5/jJTE5uejpjVlOe/izrB70Jof72aM=
golang.org/x/sync v0.6.0 h1:5BMeUDZ7vkXGfEr1x9B4bRcTH4lpkTkpdh0T/J+qjbQ=
golang.org/x/sync v0.6.0/go.mod h1:Czt+wKu1gCyEFDUtn0jG5QVvpJ6rzVqr5aXyt9drQfk=
golang.org/x/sync v0.7.0 h1:YsImfSBoP9QPYL0xyKJPq0gcaJdG3rInoqxTWbfQu9M=
golang.org/x/sync v0.7.0/go.mod h1:Czt+wKu1gCyEFDUtn0jG5QVvpJ6rzVqr5aXyt9drQfk=
golang.org/x/sync v0.8.0 h1:3NFvSEYkUoMifnESzZl15y791HH1qU2xm6eCJU5ZPXQ=
golang.org/x/sync v0.8.0/go.mod h1:Czt+wKu1gCyEFDUtn0jG5QVvpJ6rzVqr5aXyt9drQfk=
golang.org/x/sys v0.0.0-20210616045830-e2b7044e8c71/go.mod h1:oPkhp1MJrh7nUepCBck5+mAzfO9JrbApNNgaTdGDITg=
golang.org/x/sys v0.0.0-20210630005230-0f9fa26af87c/go.mod h1:oPkhp1MJrh7nUepCBck5+mAzfO9JrbApNNgaTdGDITg=
golang.org/x/sys v0.0.0-20211007075335-d3039528d8ac/go.mod h1:oPkhp1MJrh7nUepCBck5+mAzfO9JrbApNNgaTdGDITg=
golang.org/x/sys v0.0.0-20220310020820-b874c991c1a5/go.mod h1:oPkhp1MJrh7nUepCBck5+mAzfO9JrbApNNgaTdGDITg=
golang.org/x/sys v0.0.0-20220315194320-039c03cc5b86 h1:A9i04dxx7Cribqbs8jf3FQLogkL/CV2YN7hj9KWJCkc=
golang.org/x/sys v0.0.0-20220315194320-039c03cc5b86/go.mod h1:oPkhp1MJrh7nUepCBck5+mAzfO9JrbApNNgaTdGDITg=
golang.org/x/sys v0.0.0-20220712014510-0a85c31ab51e/go.mod h1:oPkhp1MJrh7nUepCBck5+mAzfO9JrbApNNgaTdGDITg=
golang.org/x/sys v0.0.0-20220811171246-fbc7d0a398ab h1:2QkjZIsXupsJbJIdSjjUOgWK3aEtzyuh2mPt3l/CkeU=
golang.org/x/sys v0.0.0-20220811171246-fbc7d0a398ab/go.mod h1:oPkhp1MJrh7nUepCBck5+mAzfO9JrbApNNgaTdGDITg=
golang.org/x/sys v0.4.0 h1:Zr2JFtRQNX3BCZ8YtxRE9hNJYC8J6I1MVbMg6owUp18=
golang.org/x/sys v0.4.0/go.mod h1:oPkhp1MJrh7nUepCBck5+mAzfO9JrbApNNgaTdGDITg=
golang.org/x/sys v0.17.0/go.mod h1:/VUhepiaJMQUp4+oa/7Zr1D23ma6VTLIYjOOTFZPUcA=
golang.org/x/sys v0.18.0 h1:DBdB3niSjOA/O0blCZBqDefyWNYveAYMNF1Wum0DYQ4=
golang.org/x/sys v0.18.0/go.mod h1:/VUhepiaJMQUp4+oa/7Zr1D23ma6VTLIYjOOTFZPUcA=
golang.org/x/sys v0.22.0 h1:RI27ohtqKCnwULzJLqkv897zojh5/DwS/ENaMzUOaWI=
golang.org/x/sys v0.22.0/go.mod h1:/VUhepiaJMQUp4+oa/7Zr1D23ma6VTLIYjOOTFZPUcA=
golang.org/x/text v0.3.6/go.mod h1:5Zoc/QRtKVWzQhOtBMvqHzDpF6irO9z98xDceosuGiQ=
golang.org/x/tools v0.0.0-20180917221912-90fa682c2a6e/go.mod h1:n7NCudcB/nEzxVGmLbDWY5pfWTLqBcC2KZ6jyYvM4mQ=
gopkg.in/check.v1 v0.0.0-20161208181325-20d25e280405/go.mod h1:Co6ibVJAznAaIkqp8huTwlJQCZ016jof/cbN4VW5Yz0=
gopkg.in/eapache/queue.v1 v1.1.0 h1:EldqoJEGtXYiVCMRo2C9mePO2UUGnYn2+qLmlQSqPdc=
gopkg.in/eapache/queue.v1 v1.1.0/go.mod h1:wNtmx1/O7kZSR9zNT1TTOJ7GLpm3Vn7srzlfylFbQwU=
gopkg.in/yaml.v3 v3.0.0-20200313102051-9f266ea9e77c/go.mod h1:K4uyk7z7BCEPqu6E+C64Yfv1cQ7kz7rIZviUmN+EgEM=
gopkg.in/yaml.v3 v3.0.1/go.mod h1:K4uyk7z7BCEPqu6E+C64Yfv1cQ7kz7rIZviUmN+EgEM=
